{
  "version": 4,
  "terraform_version": "1.14.9",
  "serial": 9,
  "lineage": "22e2b379-4f2e-34ff-c2b7-c4d027d76ee3",
  "outputs": {
    "auth_service_health": {
      "value": "http://34.44.37.160:3001/health",
      "type": "string"
    },
    "auth_service_url": {
      "value": "http://34.44.37.160:3001",
      "type": "string"
    },
    "external_service_url": {
      "value": "http://34.44.37.160:3003",
      "type": "string"
    },
    "grafana_url": {
      "value": "http://34.44.37.160:4000",
      "type": "string"
    },
    "machine_type_used": {
      "value": "e2-standard-2",
      "type": "string"
    },
    "prometheus_url": {
      "value": "http://34.44.37.160:9090",
      "type": "string"
    },
    "reservation_service_health": {
      "value": "http://34.44.37.160:3002/health",
      "type": "string"
    },
    "reservation_service_url": {
      "value": "http://34.44.37.160:3002",
      "type": "string"
    },
    "ssh_command": {
      "value": "ssh ubuntu@34.44.37.160",
      "type": "string"
    },
    "vm_public_ip": {
      "value": "34.44.37.160",
      "type": "string"
    }
  },
  "resources": [
    {
      "mode": "managed",
      "type": "google_compute_firewall",
      "name": "sre_firewall",
      "provider": "provider[\"registry.terraform.io/hashicorp/google\"]",
      "instances": [
        {
          "schema_version": 1,
          "attributes": {
            "allow": [
              {
                "ports": [
                  "22",
                  "80",
                  "3001",
                  "3002",
                  "3003",
                  "4000",
                  "9090"
                ],
                "protocol": "tcp"
              }
            ],
            "creation_timestamp": "2026-04-29T04:36:52.040-07:00",
            "deny": [],
            "description": "",
            "destination_ranges": [],
            "direction": "INGRESS",
            "disabled": false,
            "enable_logging": null,
            "id": "projects/project-4b60af6f-cafc-4b02-8bd/global/firewalls/sre-firewall",
            "log_config": [],
            "name": "sre-firewall",
            "network": "https://www.googleapis.com/compute/v1/projects/project-4b60af6f-cafc-4b02-8bd/global/networks/default",
            "priority": 1000,
            "project": "project-4b60af6f-cafc-4b02-8bd",
            "self_link": "https://www.googleapis.com/compute/v1/projects/project-4b60af6f-cafc-4b02-8bd/global/firewalls/sre-firewall",
            "source_ranges": [
              "0.0.0.0/0"
            ],
            "source_service_accounts": [],
            "source_tags": [],
            "target_service_accounts": [],
            "target_tags": [
              "sre-server"
            ],
            "timeouts": null
          },
          "sensitive_attributes": [],
          "identity_schema_version": 0,
          "private": "eyJlMmJmYjczMC1lY2FhLTExZTYtOGY4OC0zNDM2M2JjN2M0YzAiOnsiY3JlYXRlIjoxMjAwMDAwMDAwMDAwLCJkZWxldGUiOjEyMDAwMDAwMDAwMDAsInVwZGF0ZSI6MTIwMDAwMDAwMDAwMH0sInNjaGVtYV92ZXJzaW9uIjoiMSJ9"
        }
      ]
    },
    {
      "mode": "managed",
      "type": "google_compute_instance",
      "name": "sre_vm",
      "provider": "provider[\"registry.terraform.io/hashicorp/google\"]",
      "instances": [
        {
          "schema_version": 6,
          "attributes": {
            "advanced_machine_features": [],
            "allow_stopping_for_update": null,
            "attached_disk": [],
            "boot_disk": [
              {
                "auto_delete": true,
                "device_name": "persistent-disk-0",
                "disk_encryption_key_raw": "",
                "disk_encryption_key_sha256": "",
                "initialize_params": [
                  {
                    "enable_confidential_compute": false,
                    "image": "https://www.googleapis.com/compute/v1/projects/ubuntu-os-cloud/global/images/ubuntu-2204-jammy-v20260427",
                    "labels": {},
                    "provisioned_iops": 0,
                    "provisioned_throughput": 0,
                    "resource_manager_tags": null,
                    "size": 30,
                    "storage_pool": "",
                    "type": "pd-ssd"
                  }
                ],
                "kms_key_self_link": "",
                "mode": "READ_WRITE",
                "source": "https://www.googleapis.com/compute/v1/projects/project-4b60af6f-cafc-4b02-8bd/zones/us-central1-a/disks/sre-vm"
              }
            ],
            "can_ip_forward": false,
            "confidential_instance_config": [],
            "cpu_platform": "Intel Broadwell",
            "current_status": "RUNNING",
            "deletion_protection": false,
            "description": "",
            "desired_status": null,
            "effective_labels": {
              "course": "site-reliability-engineering",
              "environment": "sre-assignment-6",
              "managed-by": "terraform"
            },
            "enable_display": false,
            "guest_accelerator": [],
            "hostname": "",
            "id": "projects/project-4b60af6f-cafc-4b02-8bd/zones/us-central1-a/instances/sre-vm",
            "instance_id": "5447110379514972195",
            "label_fingerprint": "_l_whW_LAoY=",
            "labels": {
              "course": "site-reliability-engineering",
              "environment": "sre-assignment-6",
              "managed-by": "terraform"
            },
            "machine_type": "e2-standard-2",
            "metadata": {
              "ssh-keys": "ubuntu:ssh-rsa AAAAB3NzaC1yc2EAAAADAQABAAACAQDc4WwWskbPI/3wIp39la7qafnO0v66s/QYgCnlyFafVumyrMqXe+Nut3GT9N4D9JzkmCoLyXFjZmvBya4a9GAXHO42L+OX+dz3Iv80TgudIyp2dvqvjNcHPW+p4gJgyRwDgiivg2dDmxQKXuC+Yf0AsYToTuticxrKWpsGUxt+XI1vuqKMgCDoT9Hz9D8VkgpWUIexSEebWvfcFyznz0QX/Xp4rPsmJ2OyZq8XU3JPtz8EC6VEqGei2EnWM4ZW1v+fx2PKGiU2xmSKN7EoPpx9ARsBDB61BQ0/DmXYqAA6eDYMkXMdEGiAm7/nhaA7AIokVKx6vU5QNZ21OOxKm8VyPIB/qJsWAf8dikhd9ktgQ90aD20buT1oE0ywJke39lfptOkWON1z9fqwkR32z9/TpO7S9eSP1dx3GVkTiFm6Z6CyEVkOF2e0WOHrW+zPtNQ32eEnX5PNoxtU1mhyf6pE2JDSR7Le0ekC42suEOjqDrUrs+rUHDmYbo2kD0Xsr+onrJMHsWwn9jg0VRvhudgLpUDC0Ovh1QJHAFiOtYZLBKBX5XFVcRYu4Qm0KcBzOzMa6rSF33lt9p5YMvYmUCjZoKp+fJEvvgnKsNhufn7FQbCRICP9k7OS30zy1CQY9OgUlGCVhQbG33BDvhkWorK3qSYOoWFqoULC9YRaE/fPBw== gulnazeskermes@Noutbuk-Gulnaz.local\n"
            },
            "metadata_fingerprint": "t_H-eMyyoKQ=",
            "metadata_startup_script": "#!/bin/bash\nset -e\n\necho \"[INFO] Starting automated deployment - Assignment 6\"\n\napt-get update -y\napt-get install -y docker.io docker-compose-plugin git curl\n\nsystemctl enable docker\nsystemctl start docker\nusermod -aG docker ubuntu\n\n  \napt-get install -y apache2-utils\n\n   \ncd /home/ubuntu\ngit clone  app || echo \"[WARN] Repo already exists or URL not set\"\n\n  \nif [ -d \"app\" ]; then\n  cd app\n  cp .env.example .env || echo \"[WARN] No .env.example found\"\n  docker compose up -d --build\n  echo \"[INFO] Stack deployed successfully\"\nfi\n\necho \"[INFO] Startup script completed\"\n",
            "min_cpu_platform": "",
            "name": "sre-vm",
            "network_interface": [
              {
                "access_config": [
                  {
                    "nat_ip": "34.44.37.160",
                    "network_tier": "PREMIUM",
                    "public_ptr_domain_name": ""
                  }
                ],
                "alias_ip_range": [],
                "internal_ipv6_prefix_length": 0,
                "ipv6_access_config": [],
                "ipv6_access_type": "",
                "ipv6_address": "",
                "name": "nic0",
                "network": "https://www.googleapis.com/compute/v1/projects/project-4b60af6f-cafc-4b02-8bd/global/networks/default",
                "network_ip": "10.128.0.3",
                "nic_type": "",
                "queue_count": 0,
                "stack_type": "IPV4_ONLY",
                "subnetwork": "https://www.googleapis.com/compute/v1/projects/project-4b60af6f-cafc-4b02-8bd/regions/us-central1/subnetworks/default",
                "subnetwork_project": "project-4b60af6f-cafc-4b02-8bd"
              }
            ],
            "network_performance_config": [],
            "params": [],
            "project": "project-4b60af6f-cafc-4b02-8bd",
            "reservation_affinity": [],
            "resource_policies": null,
            "scheduling": [
              {
                "automatic_restart": true,
                "instance_termination_action": "",
                "local_ssd_recovery_timeout": [],
                "max_run_duration": [],
                "min_node_cpus": 0,
                "node_affinities": [],
                "on_host_maintenance": "MIGRATE",
                "on_instance_stop_action": [],
                "preemptible": false,
                "provisioning_model": "STANDARD"
              }
            ],
            "scratch_disk": [],
            "self_link": "https://www.googleapis.com/compute/v1/projects/project-4b60af6f-cafc-4b02-8bd/zones/us-central1-a/instances/sre-vm",
            "service_account": [],
            "shielded_instance_config": [
              {
                "enable_integrity_monitoring": true,
                "enable_secure_boot": false,
                "enable_vtpm": true
              }
            ],
            "tags": [
              "sre-server"
            ],
            "tags_fingerprint": "OmeERvy0P2M=",
            "terraform_labels": {
              "course": "site-reliability-engineering",
              "environment": "sre-assignment-6",
              "managed-by": "terraform"
            },
            "timeouts": null,
            "zone": "us-central1-a"
          },
          "sensitive_attributes": [
            [
              {
                "type": "get_attr",
                "value": "boot_disk"
              },
              {
                "type": "index",
                "value": {
                  "value": 0,
                  "type": "number"
                }
              },
              {
                "type": "get_attr",
                "value": "disk_encryption_key_raw"
              }
            ]
          ],
          "identity_schema_version": 0,
          "private": "eyJlMmJmYjczMC1lY2FhLTExZTYtOGY4OC0zNDM2M2JjN2M0YzAiOnsiY3JlYXRlIjoxMjAwMDAwMDAwMDAwLCJkZWxldGUiOjEyMDAwMDAwMDAwMDAsInVwZGF0ZSI6MTIwMDAwMDAwMDAwMH0sInNjaGVtYV92ZXJzaW9uIjoiNiJ9"
        }
      ]
    }
  ],
  "check_results": null
}
